
Microsoft Visual Studio Solution File, Format Version 12.00
# Visual Studio 15
VisualStudioVersion = 15.0.28307.902
MinimumVisualStudioVersion = 10.0.40219.1
Project("{FAE04EC0-301F-11D3-BF4B-00C04F79EFBC}") = "Number", "Number\Number.csproj", "{CFEF5A79-C339-4A79-9820-D9D1289D2883}"
EndProject
Global
	GlobalSection(SolutionConfigurationPlatforms) = preSolution
		Debug|Any CPU = Debug|Any CPU
		Release|Any CPU = Release|Any CPU
	EndGlobalSection
	GlobalSection(ProjectConfigurationPlatforms) = postSolution
		{CFEF5A79-C339-4A79-9820-D9D1289D2883}.Debug|Any CPU.ActiveCfg = Debug|Any CPU
		{CFEF5A79-C339-4A79-9820-D9D1289D2883}.Debug|Any CPU.Build.0 = Debug|Any CPU
		{CFEF5A79-C339-4A79-9820-D9D1289D2883}.Release|Any CPU.ActiveCfg = Release|Any CPU
		{CFEF5A79-C339-4A79-9820-D9D1289D2883}.Release|Any CPU.Build.0 = Release|Any CPU
	EndGlobalSection
	GlobalSection(SolutionProperties) = preSolution
		HideSolutionNode = FALSE
	EndGlobalSection
	GlobalSection(ExtensibilityGlobals) = postSolution
		SolutionGuid = {861D992B-3D14-4D53-8DA6-36AC5E390C48}
	EndGlobalSection
EndGlobal
